
Microsoft Visual Studio Solution File, Format Version 12.00
# Visual Studio Express 15 for Windows Desktop
VisualStudioVersion = 15.0.28307.1259
MinimumVisualStudioVersion = 10.0.40219.1
Project("{FAE04EC0-301F-11D3-BF4B-00C04F79EFBC}") = "Updater", "Updater\Updater.csproj", "{F59B1571-E69B-44C5-9F8B-1DBDFC526129}"
EndProject
Global
	GlobalSection(SolutionConfigurationPlatforms) = preSolution
		Debug|Any CPU = Debug|Any CPU
		Release|Any CPU = Release|Any CPU
	EndGlobalSection
	GlobalSection(ProjectConfigurationPlatforms) = postSolution
		{F59B1571-E69B-44C5-9F8B-1DBDFC526129}.Debug|Any CPU.ActiveCfg = Debug|Any CPU
		{F59B1571-E69B-44C5-9F8B-1DBDFC526129}.Debug|Any CPU.Build.0 = Debug|Any CPU
		{F59B1571-E69B-44C5-9F8B-1DBDFC526129}.Release|Any CPU.ActiveCfg = Release|Any CPU
		{F59B1571-E69B-44C5-9F8B-1DBDFC526129}.Release|Any CPU.Build.0 = Release|Any CPU
	EndGlobalSection
	GlobalSection(SolutionProperties) = preSolution
		HideSolutionNode = FALSE
	EndGlobalSection
	GlobalSection(ExtensibilityGlobals) = postSolution
		SolutionGuid = {13CFF24D-E90F-458C-8431-5C41EB0DD968}
	EndGlobalSection
EndGlobal
